# This file is automatically @generated by Wally.
# It is not intended for manual editing.
registry = "test"

[[package]]
name = "thecogumeta/acidsignal"
version = "1.0.0"
dependencies = [["Specium", "thecogumeta/specium@1.2.0"]]

[[package]]
name = "thecogumeta/specium"
version = "1.2.0"
dependencies = []
